PODS:
  - Alamofire (4.7.3)
  - IQKeyboardManagerSwift (6.1.1)
  - Toast-Swift (3.0.1)

DEPENDENCIES:
  - Alamofire
  - IQKeyboardManagerSwift
  - Toast-Swift

SPEC REPOS:
  https://github.com/cocoapods/specs.git:
    - Alamofire
    - IQKeyboardManagerSwift
    - Toast-Swift

SPEC CHECKSUMS:
  Alamofire: c7287b6e5d7da964a70935e5db17046b7fde6568
  IQKeyboardManagerSwift: 977affaeb4d6e971975c7790a6850f31d38f1207
  Toast-Swift: ba0b01b095aada709d915f9beb1d38184a2721c3

PODFILE CHECKSUM: a0df459f298fe3463890cfc2710516b63ffb1093

COCOAPODS: 1.5.3
